
Microsoft Visual Studio Solution File, Format Version 12.00
# Visual Studio 14
VisualStudioVersion = 14.0.25420.1
MinimumVisualStudioVersion = 10.0.40219.1
Project("{FAE04EC0-301F-11D3-BF4B-00C04F79EFBC}") = "Isometric.CommonStructures", "CommonStructures\Isometric.CommonStructures.csproj", "{64EE5B69-4B32-4080-82A7-9E5F419DAFAA}"
EndProject
Project("{FAE04EC0-301F-11D3-BF4B-00C04F79EFBC}") = "Isometric.Core", "Core\Isometric.Core.csproj", "{5E853DD8-DDC3-4F8C-9966-52CA5881CBCE}"
EndProject
Project("{FAE04EC0-301F-11D3-BF4B-00C04F79EFBC}") = "Isometric.Editor", "Editor\Isometric.Editor.csproj", "{AF05F352-6E73-42A6-9038-D16C9A81C614}"
EndProject
Project("{FAE04EC0-301F-11D3-BF4B-00C04F79EFBC}") = "Isometric.Server", "Server\Isometric.Server.csproj", "{DCAE2467-5ADF-4B9F-AAD6-E2323F50D94C}"
EndProject
Project("{FAE04EC0-301F-11D3-BF4B-00C04F79EFBC}") = "Isometric.ServerUi", "ServerUi\Isometric.ServerUi.csproj", "{76AF96A9-3B70-4DB1-8AF7-E9F41EC6E198}"
EndProject
Project("{FAE04EC0-301F-11D3-BF4B-00C04F79EFBC}") = "Isometric.GameDataTools", "GameDataTools\Isometric.GameDataTools.csproj", "{9B90CA08-E75E-4A95-BB3B-EAB83579E18A}"
EndProject
Project("{FAE04EC0-301F-11D3-BF4B-00C04F79EFBC}") = "Isometric.Game", "Game\Isometric.Game.csproj", "{9E79462D-FC84-4BF7-A345-E152B10B996A}"
EndProject
Project("{FAE04EC0-301F-11D3-BF4B-00C04F79EFBC}") = "Isometric.Vector", "Vector\Isometric.Vector.csproj", "{E9DD0F81-D1FB-44BD-ADE2-F1A80FEC431A}"
EndProject
Project("{FAE04EC0-301F-11D3-BF4B-00C04F79EFBC}") = "Isometric.CoreTests", "CoreTests\Isometric.CoreTests.csproj", "{699D72F3-BD1D-4A3E-AF5D-89FE9AB5AD7E}"
EndProject
Global
	GlobalSection(SolutionConfigurationPlatforms) = preSolution
		Debug|Any CPU = Debug|Any CPU
		Release|Any CPU = Release|Any CPU
		Testing|Any CPU = Testing|Any CPU
		Unity|Any CPU = Unity|Any CPU
	EndGlobalSection
	GlobalSection(ProjectConfigurationPlatforms) = postSolution
		{64EE5B69-4B32-4080-82A7-9E5F419DAFAA}.Debug|Any CPU.ActiveCfg = Debug|Any CPU
		{64EE5B69-4B32-4080-82A7-9E5F419DAFAA}.Debug|Any CPU.Build.0 = Debug|Any CPU
		{64EE5B69-4B32-4080-82A7-9E5F419DAFAA}.Release|Any CPU.ActiveCfg = Release|Any CPU
		{64EE5B69-4B32-4080-82A7-9E5F419DAFAA}.Release|Any CPU.Build.0 = Release|Any CPU
		{64EE5B69-4B32-4080-82A7-9E5F419DAFAA}.Testing|Any CPU.ActiveCfg = Unity|Any CPU
		{64EE5B69-4B32-4080-82A7-9E5F419DAFAA}.Testing|Any CPU.Build.0 = Unity|Any CPU
		{64EE5B69-4B32-4080-82A7-9E5F419DAFAA}.Unity|Any CPU.ActiveCfg = Unity|Any CPU
		{64EE5B69-4B32-4080-82A7-9E5F419DAFAA}.Unity|Any CPU.Build.0 = Unity|Any CPU
		{5E853DD8-DDC3-4F8C-9966-52CA5881CBCE}.Debug|Any CPU.ActiveCfg = Debug|Any CPU
		{5E853DD8-DDC3-4F8C-9966-52CA5881CBCE}.Debug|Any CPU.Build.0 = Debug|Any CPU
		{5E853DD8-DDC3-4F8C-9966-52CA5881CBCE}.Release|Any CPU.ActiveCfg = Release|Any CPU
		{5E853DD8-DDC3-4F8C-9966-52CA5881CBCE}.Release|Any CPU.Build.0 = Release|Any CPU
		{5E853DD8-DDC3-4F8C-9966-52CA5881CBCE}.Testing|Any CPU.ActiveCfg = Release|Any CPU
		{5E853DD8-DDC3-4F8C-9966-52CA5881CBCE}.Testing|Any CPU.Build.0 = Release|Any CPU
		{5E853DD8-DDC3-4F8C-9966-52CA5881CBCE}.Unity|Any CPU.ActiveCfg = Release|Any CPU
		{5E853DD8-DDC3-4F8C-9966-52CA5881CBCE}.Unity|Any CPU.Build.0 = Release|Any CPU
		{AF05F352-6E73-42A6-9038-D16C9A81C614}.Debug|Any CPU.ActiveCfg = Debug|Any CPU
		{AF05F352-6E73-42A6-9038-D16C9A81C614}.Debug|Any CPU.Build.0 = Debug|Any CPU
		{AF05F352-6E73-42A6-9038-D16C9A81C614}.Release|Any CPU.ActiveCfg = Release|Any CPU
		{AF05F352-6E73-42A6-9038-D16C9A81C614}.Release|Any CPU.Build.0 = Release|Any CPU
		{AF05F352-6E73-42A6-9038-D16C9A81C614}.Testing|Any CPU.ActiveCfg = Release|Any CPU
		{AF05F352-6E73-42A6-9038-D16C9A81C614}.Testing|Any CPU.Build.0 = Release|Any CPU
		{AF05F352-6E73-42A6-9038-D16C9A81C614}.Unity|Any CPU.ActiveCfg = Release|Any CPU
		{AF05F352-6E73-42A6-9038-D16C9A81C614}.Unity|Any CPU.Build.0 = Release|Any CPU
		{DCAE2467-5ADF-4B9F-AAD6-E2323F50D94C}.Debug|Any CPU.ActiveCfg = Debug|Any CPU
		{DCAE2467-5ADF-4B9F-AAD6-E2323F50D94C}.Debug|Any CPU.Build.0 = Debug|Any CPU
		{DCAE2467-5ADF-4B9F-AAD6-E2323F50D94C}.Release|Any CPU.ActiveCfg = Release|Any CPU
		{DCAE2467-5ADF-4B9F-AAD6-E2323F50D94C}.Release|Any CPU.Build.0 = Release|Any CPU
		{DCAE2467-5ADF-4B9F-AAD6-E2323F50D94C}.Testing|Any CPU.ActiveCfg = Testing|Any CPU
		{DCAE2467-5ADF-4B9F-AAD6-E2323F50D94C}.Testing|Any CPU.Build.0 = Testing|Any CPU
		{DCAE2467-5ADF-4B9F-AAD6-E2323F50D94C}.Unity|Any CPU.ActiveCfg = Testing|Any CPU
		{DCAE2467-5ADF-4B9F-AAD6-E2323F50D94C}.Unity|Any CPU.Build.0 = Testing|Any CPU
		{76AF96A9-3B70-4DB1-8AF7-E9F41EC6E198}.Debug|Any CPU.ActiveCfg = Debug|Any CPU
		{76AF96A9-3B70-4DB1-8AF7-E9F41EC6E198}.Debug|Any CPU.Build.0 = Debug|Any CPU
		{76AF96A9-3B70-4DB1-8AF7-E9F41EC6E198}.Release|Any CPU.ActiveCfg = Release|Any CPU
		{76AF96A9-3B70-4DB1-8AF7-E9F41EC6E198}.Release|Any CPU.Build.0 = Release|Any CPU
		{76AF96A9-3B70-4DB1-8AF7-E9F41EC6E198}.Testing|Any CPU.ActiveCfg = Release|Any CPU
		{76AF96A9-3B70-4DB1-8AF7-E9F41EC6E198}.Testing|Any CPU.Build.0 = Release|Any CPU
		{76AF96A9-3B70-4DB1-8AF7-E9F41EC6E198}.Unity|Any CPU.ActiveCfg = Release|Any CPU
		{76AF96A9-3B70-4DB1-8AF7-E9F41EC6E198}.Unity|Any CPU.Build.0 = Release|Any CPU
		{9B90CA08-E75E-4A95-BB3B-EAB83579E18A}.Debug|Any CPU.ActiveCfg = Debug|Any CPU
		{9B90CA08-E75E-4A95-BB3B-EAB83579E18A}.Debug|Any CPU.Build.0 = Debug|Any CPU
		{9B90CA08-E75E-4A95-BB3B-EAB83579E18A}.Release|Any CPU.ActiveCfg = Release|Any CPU
		{9B90CA08-E75E-4A95-BB3B-EAB83579E18A}.Release|Any CPU.Build.0 = Release|Any CPU
		{9B90CA08-E75E-4A95-BB3B-EAB83579E18A}.Testing|Any CPU.ActiveCfg = Release|Any CPU
		{9B90CA08-E75E-4A95-BB3B-EAB83579E18A}.Testing|Any CPU.Build.0 = Release|Any CPU
		{9B90CA08-E75E-4A95-BB3B-EAB83579E18A}.Unity|Any CPU.ActiveCfg = Release|Any CPU
		{9B90CA08-E75E-4A95-BB3B-EAB83579E18A}.Unity|Any CPU.Build.0 = Release|Any CPU
		{9E79462D-FC84-4BF7-A345-E152B10B996A}.Debug|Any CPU.ActiveCfg = Debug|Any CPU
		{9E79462D-FC84-4BF7-A345-E152B10B996A}.Debug|Any CPU.Build.0 = Debug|Any CPU
		{9E79462D-FC84-4BF7-A345-E152B10B996A}.Release|Any CPU.ActiveCfg = Release|Any CPU
		{9E79462D-FC84-4BF7-A345-E152B10B996A}.Release|Any CPU.Build.0 = Release|Any CPU
		{9E79462D-FC84-4BF7-A345-E152B10B996A}.Testing|Any CPU.ActiveCfg = Testing|Any CPU
		{9E79462D-FC84-4BF7-A345-E152B10B996A}.Testing|Any CPU.Build.0 = Testing|Any CPU
		{9E79462D-FC84-4BF7-A345-E152B10B996A}.Unity|Any CPU.ActiveCfg = Testing|Any CPU
		{9E79462D-FC84-4BF7-A345-E152B10B996A}.Unity|Any CPU.Build.0 = Testing|Any CPU
		{E9DD0F81-D1FB-44BD-ADE2-F1A80FEC431A}.Debug|Any CPU.ActiveCfg = Debug|Any CPU
		{E9DD0F81-D1FB-44BD-ADE2-F1A80FEC431A}.Debug|Any CPU.Build.0 = Debug|Any CPU
		{E9DD0F81-D1FB-44BD-ADE2-F1A80FEC431A}.Release|Any CPU.ActiveCfg = Release|Any CPU
		{E9DD0F81-D1FB-44BD-ADE2-F1A80FEC431A}.Release|Any CPU.Build.0 = Release|Any CPU
		{E9DD0F81-D1FB-44BD-ADE2-F1A80FEC431A}.Testing|Any CPU.ActiveCfg = Unity|Any CPU
		{E9DD0F81-D1FB-44BD-ADE2-F1A80FEC431A}.Testing|Any CPU.Build.0 = Unity|Any CPU
		{E9DD0F81-D1FB-44BD-ADE2-F1A80FEC431A}.Unity|Any CPU.ActiveCfg = Unity|Any CPU
		{E9DD0F81-D1FB-44BD-ADE2-F1A80FEC431A}.Unity|Any CPU.Build.0 = Unity|Any CPU
		{699D72F3-BD1D-4A3E-AF5D-89FE9AB5AD7E}.Debug|Any CPU.ActiveCfg = Debug|Any CPU
		{699D72F3-BD1D-4A3E-AF5D-89FE9AB5AD7E}.Debug|Any CPU.Build.0 = Debug|Any CPU
		{699D72F3-BD1D-4A3E-AF5D-89FE9AB5AD7E}.Release|Any CPU.ActiveCfg = Release|Any CPU
		{699D72F3-BD1D-4A3E-AF5D-89FE9AB5AD7E}.Release|Any CPU.Build.0 = Release|Any CPU
		{699D72F3-BD1D-4A3E-AF5D-89FE9AB5AD7E}.Testing|Any CPU.ActiveCfg = Release|Any CPU
		{699D72F3-BD1D-4A3E-AF5D-89FE9AB5AD7E}.Testing|Any CPU.Build.0 = Release|Any CPU
		{699D72F3-BD1D-4A3E-AF5D-89FE9AB5AD7E}.Unity|Any CPU.ActiveCfg = Release|Any CPU
		{699D72F3-BD1D-4A3E-AF5D-89FE9AB5AD7E}.Unity|Any CPU.Build.0 = Release|Any CPU
	EndGlobalSection
	GlobalSection(SolutionProperties) = preSolution
		HideSolutionNode = FALSE
	EndGlobalSection
	GlobalSection(MonoDevelopProperties) = preSolution
		Policies = $0
		$0.DotNetNamingPolicy = $1
		$1.DirectoryNamespaceAssociation = PrefixedHierarchical
		$1.ResourceNamePolicy = FileFormatDefault
		$0.TextStylePolicy = $4
		$2.inheritsSet = VisualStudio
		$2.inheritsScope = text/plain
		$2.scope = text/x-csharp
		$0.CSharpFormattingPolicy = $3
		$3.IndentSwitchBody = True
		$3.IndentBlocksInsideExpressions = True
		$3.AnonymousMethodBraceStyle = NextLine
		$3.PropertyBraceStyle = NextLine
		$3.PropertyGetBraceStyle = NextLine
		$3.PropertySetBraceStyle = NextLine
		$3.EventBraceStyle = NextLine
		$3.EventAddBraceStyle = NextLine
		$3.EventRemoveBraceStyle = NextLine
		$3.StatementBraceStyle = NextLine
		$3.ElseNewLinePlacement = NewLine
		$3.CatchNewLinePlacement = NewLine
		$3.FinallyNewLinePlacement = NewLine
		$3.WhileNewLinePlacement = DoNotCare
		$3.ArrayInitializerWrapping = DoNotChange
		$3.ArrayInitializerBraceStyle = NextLine
		$3.BeforeMethodDeclarationParentheses = False
		$3.BeforeMethodCallParentheses = False
		$3.BeforeConstructorDeclarationParentheses = False
		$3.NewLineBeforeConstructorInitializerColon = NewLine
		$3.NewLineAfterConstructorInitializerColon = SameLine
		$3.BeforeDelegateDeclarationParentheses = False
		$3.NewParentheses = False
		$3.SpacesBeforeBrackets = False
		$3.inheritsSet = Mono
		$3.inheritsScope = text/x-csharp
		$3.scope = text/x-csharp
		$4.FileWidth = 120
		$4.TabsToSpaces = False
		$4.inheritsSet = VisualStudio
		$4.inheritsScope = text/plain
		$4.scope = text/plain
		$0.StandardHeader = $5
		$5.Text = 
		$5.IncludeInNewFiles = True
		$0.NameConventionPolicy = $6
		$6.Rules = $7
		$7.NamingRule = $27
		$8.Name = Namespaces
		$8.AffectedEntity = Namespace
		$8.VisibilityMask = VisibilityMask
		$8.NamingStyle = PascalCase
		$8.IncludeInstanceMembers = True
		$8.IncludeStaticEntities = True
		$9.Name = Types
		$9.AffectedEntity = Class, Struct, Enum, Delegate
		$9.VisibilityMask = Public
		$9.NamingStyle = PascalCase
		$9.IncludeInstanceMembers = True
		$9.IncludeStaticEntities = True
		$10.Name = Interfaces
		$10.RequiredPrefixes = $11
		$11.String = I
		$10.AffectedEntity = Interface
		$10.VisibilityMask = Public
		$10.NamingStyle = PascalCase
		$10.IncludeInstanceMembers = True
		$10.IncludeStaticEntities = True
		$12.Name = Attributes
		$12.RequiredSuffixes = $13
		$13.String = Attribute
		$12.AffectedEntity = CustomAttributes
		$12.VisibilityMask = Public
		$12.NamingStyle = PascalCase
		$12.IncludeInstanceMembers = True
		$12.IncludeStaticEntities = True
		$14.Name = Event Arguments
		$14.RequiredSuffixes = $15
		$15.String = EventArgs
		$14.AffectedEntity = CustomEventArgs
		$14.VisibilityMask = Public
		$14.NamingStyle = PascalCase
		$14.IncludeInstanceMembers = True
		$14.IncludeStaticEntities = True
		$16.Name = Exceptions
		$16.RequiredSuffixes = $17
		$17.String = Exception
		$16.AffectedEntity = CustomExceptions
		$16.VisibilityMask = VisibilityMask
		$16.NamingStyle = PascalCase
		$16.IncludeInstanceMembers = True
		$16.IncludeStaticEntities = True
		$18.Name = Methods
		$18.AffectedEntity = Methods
		$18.VisibilityMask = Protected, Public
		$18.NamingStyle = PascalCase
		$18.IncludeInstanceMembers = True
		$18.IncludeStaticEntities = True
		$19.Name = Static Readonly Fields
		$19.AffectedEntity = ReadonlyField
		$19.VisibilityMask = Protected, Public
		$19.NamingStyle = PascalCase
		$19.IncludeInstanceMembers = False
		$19.IncludeStaticEntities = True
		$20.Name = Fields
		$20.AffectedEntity = Field
		$20.VisibilityMask = Protected, Public
		$20.NamingStyle = PascalCase
		$20.IncludeInstanceMembers = True
		$20.IncludeStaticEntities = True
		$21.Name = ReadOnly Fields
		$21.AffectedEntity = ReadonlyField
		$21.VisibilityMask = Protected, Public
		$21.NamingStyle = PascalCase
		$21.IncludeInstanceMembers = True
		$21.IncludeStaticEntities = False
		$22.Name = Constant Fields
		$22.AffectedEntity = ConstantField
		$22.VisibilityMask = Protected, Public
		$22.NamingStyle = PascalCase
		$22.IncludeInstanceMembers = True
		$22.IncludeStaticEntities = True
		$23.Name = Properties
		$23.AffectedEntity = Property
		$23.VisibilityMask = Protected, Public
		$23.NamingStyle = PascalCase
		$23.IncludeInstanceMembers = True
		$23.IncludeStaticEntities = True
		$24.Name = Events
		$24.AffectedEntity = Event
		$24.VisibilityMask = Protected, Public
		$24.NamingStyle = PascalCase
		$24.IncludeInstanceMembers = True
		$24.IncludeStaticEntities = True
		$25.Name = Enum Members
		$25.AffectedEntity = EnumMember
		$25.VisibilityMask = VisibilityMask
		$25.NamingStyle = PascalCase
		$25.IncludeInstanceMembers = True
		$25.IncludeStaticEntities = True
		$26.Name = Parameters
		$26.AffectedEntity = Parameter
		$26.VisibilityMask = VisibilityMask
		$26.NamingStyle = CamelCase
		$26.IncludeInstanceMembers = True
		$26.IncludeStaticEntities = True
		$27.Name = Type Parameters
		$27.RequiredPrefixes = $28
		$28.String = T
		$27.AffectedEntity = TypeParameter
		$27.VisibilityMask = VisibilityMask
		$27.NamingStyle = PascalCase
		$27.IncludeInstanceMembers = True
		$27.IncludeStaticEntities = True
	EndGlobalSection
EndGlobal
