
Microsoft Visual Studio Solution File, Format Version 12.00
# Visual Studio 2012
Project("{2150E333-8FDC-42A3-9474-1A3956D46DE8}") = "Common", "Common", "{28AB19BF-FB6E-4C23-ABA0-F10A88B45115}"
EndProject
Project("{FAE04EC0-301F-11D3-BF4B-00C04F79EFBC}") = "CommandInterface", "CommandInterface\CommandInterface.csproj", "{78758BB4-3C86-4D57-B5A9-B3767BB42844}"
EndProject
Project("{FAE04EC0-301F-11D3-BF4B-00C04F79EFBC}") = "CommandTester", "CommandTester\CommandTester.csproj", "{4EB56F24-231E-44CC-8A62-77DEBB23996F}"
EndProject
Project("{FAE04EC0-301F-11D3-BF4B-00C04F79EFBC}") = "CompressedStructures", "CompressedStructures\CompressedStructures.csproj", "{64EE5B69-4B32-4080-82A7-9E5F419DAFAA}"
EndProject
Project("{FAE04EC0-301F-11D3-BF4B-00C04F79EFBC}") = "EnumerableExtensions", "EnumerableExtensions\EnumerableExtensions.csproj", "{FDDB20AD-9A30-42D3-AD8B-43435943B586}"
EndProject
Project("{FAE04EC0-301F-11D3-BF4B-00C04F79EFBC}") = "VectorNet", "VectorNet\VectorNet.csproj", "{E9DD0F81-D1FB-44BD-ADE2-F1A80FEC431A}"
EndProject
Project("{FAE04EC0-301F-11D3-BF4B-00C04F79EFBC}") = "SingleClass", "SingleClass\SingleClass.csproj", "{0E663A64-2B8A-49D4-B415-E101E2AE11A7}"
EndProject
Project("{2150E333-8FDC-42A3-9474-1A3956D46DE8}") = "Server", "Server", "{F577ED5E-9017-421D-B543-3228F10CEEE4}"
EndProject
Project("{FAE04EC0-301F-11D3-BF4B-00C04F79EFBC}") = "VisualServer", "VisualServer\VisualServer.csproj", "{DCAE2467-5ADF-4B9F-AAD6-E2323F50D94C}"
EndProject
Project("{FAE04EC0-301F-11D3-BF4B-00C04F79EFBC}") = "GameBasics", "GameBasics\GameBasics.csproj", "{57A7C47B-2A72-437B-8506-7A2D4B547C5B}"
EndProject
Project("{FAE04EC0-301F-11D3-BF4B-00C04F79EFBC}") = "GameRealization", "GameRealization\GameRealization.csproj", "{9E79462D-FC84-4BF7-A345-E152B10B996A}"
EndProject
Project("{FAE04EC0-301F-11D3-BF4B-00C04F79EFBC}") = "VisualClient", "VisualClient\VisualClient.csproj", "{76AF96A9-3B70-4DB1-8AF7-E9F41EC6E198}"
EndProject
Project("{FAE04EC0-301F-11D3-BF4B-00C04F79EFBC}") = "VisualConsole", "VisualConsole\VisualConsole.csproj", "{D828A948-9224-418E-A805-439DD27463B5}"
EndProject
Global
	GlobalSection(SolutionConfigurationPlatforms) = preSolution
		Debug|Any CPU = Debug|Any CPU
		Release|Any CPU = Release|Any CPU
		Testing|Any CPU = Testing|Any CPU
	EndGlobalSection
	GlobalSection(ProjectConfigurationPlatforms) = postSolution
		{0E663A64-2B8A-49D4-B415-E101E2AE11A7}.Debug|Any CPU.ActiveCfg = Debug|Any CPU
		{0E663A64-2B8A-49D4-B415-E101E2AE11A7}.Debug|Any CPU.Build.0 = Debug|Any CPU
		{0E663A64-2B8A-49D4-B415-E101E2AE11A7}.Release|Any CPU.ActiveCfg = Release|Any CPU
		{0E663A64-2B8A-49D4-B415-E101E2AE11A7}.Release|Any CPU.Build.0 = Release|Any CPU
		{0E663A64-2B8A-49D4-B415-E101E2AE11A7}.Testing|Any CPU.ActiveCfg = Debug|Any CPU
		{0E663A64-2B8A-49D4-B415-E101E2AE11A7}.Testing|Any CPU.Build.0 = Debug|Any CPU
		{4EB56F24-231E-44CC-8A62-77DEBB23996F}.Debug|Any CPU.ActiveCfg = Debug|Any CPU
		{4EB56F24-231E-44CC-8A62-77DEBB23996F}.Debug|Any CPU.Build.0 = Debug|Any CPU
		{4EB56F24-231E-44CC-8A62-77DEBB23996F}.Release|Any CPU.ActiveCfg = Release|Any CPU
		{4EB56F24-231E-44CC-8A62-77DEBB23996F}.Release|Any CPU.Build.0 = Release|Any CPU
		{4EB56F24-231E-44CC-8A62-77DEBB23996F}.Testing|Any CPU.ActiveCfg = Debug|Any CPU
		{4EB56F24-231E-44CC-8A62-77DEBB23996F}.Testing|Any CPU.Build.0 = Debug|Any CPU
		{57A7C47B-2A72-437B-8506-7A2D4B547C5B}.Debug|Any CPU.ActiveCfg = Debug|Any CPU
		{57A7C47B-2A72-437B-8506-7A2D4B547C5B}.Debug|Any CPU.Build.0 = Debug|Any CPU
		{57A7C47B-2A72-437B-8506-7A2D4B547C5B}.Release|Any CPU.ActiveCfg = Release|Any CPU
		{57A7C47B-2A72-437B-8506-7A2D4B547C5B}.Release|Any CPU.Build.0 = Release|Any CPU
		{57A7C47B-2A72-437B-8506-7A2D4B547C5B}.Testing|Any CPU.ActiveCfg = Testing|Any CPU
		{57A7C47B-2A72-437B-8506-7A2D4B547C5B}.Testing|Any CPU.Build.0 = Testing|Any CPU
		{64EE5B69-4B32-4080-82A7-9E5F419DAFAA}.Debug|Any CPU.ActiveCfg = Debug|Any CPU
		{64EE5B69-4B32-4080-82A7-9E5F419DAFAA}.Debug|Any CPU.Build.0 = Debug|Any CPU
		{64EE5B69-4B32-4080-82A7-9E5F419DAFAA}.Release|Any CPU.ActiveCfg = Release|Any CPU
		{64EE5B69-4B32-4080-82A7-9E5F419DAFAA}.Release|Any CPU.Build.0 = Release|Any CPU
		{64EE5B69-4B32-4080-82A7-9E5F419DAFAA}.Testing|Any CPU.ActiveCfg = Testing|Any CPU
		{64EE5B69-4B32-4080-82A7-9E5F419DAFAA}.Testing|Any CPU.Build.0 = Testing|Any CPU
		{76AF96A9-3B70-4DB1-8AF7-E9F41EC6E198}.Debug|Any CPU.ActiveCfg = Debug|Any CPU
		{76AF96A9-3B70-4DB1-8AF7-E9F41EC6E198}.Debug|Any CPU.Build.0 = Debug|Any CPU
		{76AF96A9-3B70-4DB1-8AF7-E9F41EC6E198}.Release|Any CPU.ActiveCfg = Release|Any CPU
		{76AF96A9-3B70-4DB1-8AF7-E9F41EC6E198}.Release|Any CPU.Build.0 = Release|Any CPU
		{76AF96A9-3B70-4DB1-8AF7-E9F41EC6E198}.Testing|Any CPU.ActiveCfg = Debug|Any CPU
		{76AF96A9-3B70-4DB1-8AF7-E9F41EC6E198}.Testing|Any CPU.Build.0 = Debug|Any CPU
		{78758BB4-3C86-4D57-B5A9-B3767BB42844}.Debug|Any CPU.ActiveCfg = Debug|Any CPU
		{78758BB4-3C86-4D57-B5A9-B3767BB42844}.Debug|Any CPU.Build.0 = Debug|Any CPU
		{78758BB4-3C86-4D57-B5A9-B3767BB42844}.Release|Any CPU.ActiveCfg = Release|Any CPU
		{78758BB4-3C86-4D57-B5A9-B3767BB42844}.Release|Any CPU.Build.0 = Release|Any CPU
		{78758BB4-3C86-4D57-B5A9-B3767BB42844}.Testing|Any CPU.ActiveCfg = Testing|Any CPU
		{78758BB4-3C86-4D57-B5A9-B3767BB42844}.Testing|Any CPU.Build.0 = Testing|Any CPU
		{9E79462D-FC84-4BF7-A345-E152B10B996A}.Debug|Any CPU.ActiveCfg = Debug|Any CPU
		{9E79462D-FC84-4BF7-A345-E152B10B996A}.Debug|Any CPU.Build.0 = Debug|Any CPU
		{9E79462D-FC84-4BF7-A345-E152B10B996A}.Release|Any CPU.ActiveCfg = Release|Any CPU
		{9E79462D-FC84-4BF7-A345-E152B10B996A}.Release|Any CPU.Build.0 = Release|Any CPU
		{9E79462D-FC84-4BF7-A345-E152B10B996A}.Testing|Any CPU.ActiveCfg = Testing|Any CPU
		{9E79462D-FC84-4BF7-A345-E152B10B996A}.Testing|Any CPU.Build.0 = Testing|Any CPU
		{D828A948-9224-418E-A805-439DD27463B5}.Debug|Any CPU.ActiveCfg = Debug|Any CPU
		{D828A948-9224-418E-A805-439DD27463B5}.Debug|Any CPU.Build.0 = Debug|Any CPU
		{D828A948-9224-418E-A805-439DD27463B5}.Release|Any CPU.ActiveCfg = Release|Any CPU
		{D828A948-9224-418E-A805-439DD27463B5}.Release|Any CPU.Build.0 = Release|Any CPU
		{D828A948-9224-418E-A805-439DD27463B5}.Testing|Any CPU.ActiveCfg = Debug|Any CPU
		{D828A948-9224-418E-A805-439DD27463B5}.Testing|Any CPU.Build.0 = Debug|Any CPU
		{DCAE2467-5ADF-4B9F-AAD6-E2323F50D94C}.Debug|Any CPU.ActiveCfg = Debug|Any CPU
		{DCAE2467-5ADF-4B9F-AAD6-E2323F50D94C}.Debug|Any CPU.Build.0 = Debug|Any CPU
		{DCAE2467-5ADF-4B9F-AAD6-E2323F50D94C}.Release|Any CPU.ActiveCfg = Release|Any CPU
		{DCAE2467-5ADF-4B9F-AAD6-E2323F50D94C}.Release|Any CPU.Build.0 = Release|Any CPU
		{DCAE2467-5ADF-4B9F-AAD6-E2323F50D94C}.Testing|Any CPU.ActiveCfg = Testing|Any CPU
		{DCAE2467-5ADF-4B9F-AAD6-E2323F50D94C}.Testing|Any CPU.Build.0 = Testing|Any CPU
		{E9DD0F81-D1FB-44BD-ADE2-F1A80FEC431A}.Debug|Any CPU.ActiveCfg = Debug|Any CPU
		{E9DD0F81-D1FB-44BD-ADE2-F1A80FEC431A}.Debug|Any CPU.Build.0 = Debug|Any CPU
		{E9DD0F81-D1FB-44BD-ADE2-F1A80FEC431A}.Release|Any CPU.ActiveCfg = Release|Any CPU
		{E9DD0F81-D1FB-44BD-ADE2-F1A80FEC431A}.Release|Any CPU.Build.0 = Release|Any CPU
		{E9DD0F81-D1FB-44BD-ADE2-F1A80FEC431A}.Testing|Any CPU.ActiveCfg = Debug|Any CPU
		{E9DD0F81-D1FB-44BD-ADE2-F1A80FEC431A}.Testing|Any CPU.Build.0 = Debug|Any CPU
		{FDDB20AD-9A30-42D3-AD8B-43435943B586}.Debug|Any CPU.ActiveCfg = Debug|Any CPU
		{FDDB20AD-9A30-42D3-AD8B-43435943B586}.Debug|Any CPU.Build.0 = Debug|Any CPU
		{FDDB20AD-9A30-42D3-AD8B-43435943B586}.Release|Any CPU.ActiveCfg = Release|Any CPU
		{FDDB20AD-9A30-42D3-AD8B-43435943B586}.Release|Any CPU.Build.0 = Release|Any CPU
		{FDDB20AD-9A30-42D3-AD8B-43435943B586}.Testing|Any CPU.ActiveCfg = Debug|Any CPU
		{FDDB20AD-9A30-42D3-AD8B-43435943B586}.Testing|Any CPU.Build.0 = Debug|Any CPU
	EndGlobalSection
	GlobalSection(NestedProjects) = preSolution
		{78758BB4-3C86-4D57-B5A9-B3767BB42844} = {28AB19BF-FB6E-4C23-ABA0-F10A88B45115}
		{4EB56F24-231E-44CC-8A62-77DEBB23996F} = {28AB19BF-FB6E-4C23-ABA0-F10A88B45115}
		{64EE5B69-4B32-4080-82A7-9E5F419DAFAA} = {28AB19BF-FB6E-4C23-ABA0-F10A88B45115}
		{FDDB20AD-9A30-42D3-AD8B-43435943B586} = {28AB19BF-FB6E-4C23-ABA0-F10A88B45115}
		{E9DD0F81-D1FB-44BD-ADE2-F1A80FEC431A} = {28AB19BF-FB6E-4C23-ABA0-F10A88B45115}
		{0E663A64-2B8A-49D4-B415-E101E2AE11A7} = {28AB19BF-FB6E-4C23-ABA0-F10A88B45115}
		{DCAE2467-5ADF-4B9F-AAD6-E2323F50D94C} = {F577ED5E-9017-421D-B543-3228F10CEEE4}
		{57A7C47B-2A72-437B-8506-7A2D4B547C5B} = {F577ED5E-9017-421D-B543-3228F10CEEE4}
		{9E79462D-FC84-4BF7-A345-E152B10B996A} = {F577ED5E-9017-421D-B543-3228F10CEEE4}
		{76AF96A9-3B70-4DB1-8AF7-E9F41EC6E198} = {F577ED5E-9017-421D-B543-3228F10CEEE4}
		{D828A948-9224-418E-A805-439DD27463B5} = {F577ED5E-9017-421D-B543-3228F10CEEE4}
	EndGlobalSection
	GlobalSection(MonoDevelopProperties) = preSolution
		Policies = $0
		$0.DotNetNamingPolicy = $1
		$1.DirectoryNamespaceAssociation = None
		$1.ResourceNamePolicy = FileFormatDefault
		$0.TextStylePolicy = $2
		$2.FileWidth = 120
		$2.inheritsSet = VisualStudio
		$2.inheritsScope = text/plain
		$2.scope = text/x-csharp
		$0.CSharpFormattingPolicy = $3
		$3.IndentSwitchBody = True
		$3.NamespaceBraceStyle = DoNotChange
		$3.ClassBraceStyle = DoNotChange
		$3.InterfaceBraceStyle = DoNotChange
		$3.StructBraceStyle = DoNotChange
		$3.EnumBraceStyle = DoNotChange
		$3.MethodBraceStyle = DoNotChange
		$3.AnonymousMethodBraceStyle = DoNotChange
		$3.ConstructorBraceStyle = DoNotChange
		$3.DestructorBraceStyle = DoNotChange
		$3.PropertyGetBraceStyle = DoNotChange
		$3.StatementBraceStyle = DoNotChange
		$3.BeforeMethodCallParentheses = False
		$3.AfterDelegateDeclarationParameterComma = True
		$3.NewParentheses = False
		$3.WithinParentheses = True
		$3.SpacesBeforeBrackets = False
		$3.inheritsSet = Mono
		$3.inheritsScope = text/x-csharp
		$3.scope = text/x-csharp
	EndGlobalSection
EndGlobal
